<?xml version="1.0" encoding="utf-8"?>
<Project ToolsVersion="4.0" xmlns="http://schemas.microsoft.com/developer/msbuild/2003">
  <ItemGroup>
    <Filter Include="Source Files">
      <UniqueIdentifier>{4FC737F1-C7A5-4376-A066-2A32D752A2FF}</UniqueIdentifier>
      <Extensions>cpp;c;cc;cxx;c++;cppm;ixx;def;odl;idl;hpj;bat;asm;asmx</Extensions>
    </Filter>
    <Filter Include="Header Files">
      <UniqueIdentifier>{93995380-89BD-4b04-88EB-625FBE52EBFB}</UniqueIdentifier>
      <Extensions>h;hh;hpp;hxx;h++;hm;inl;inc;ipp;xsd</Extensions>
    </Filter>
    <Filter Include="Resource Files">
      <UniqueIdentifier>{67DA6AB6-F800-4c08-8B7A-83BB121AAD01}</UniqueIdentifier>
      <Extensions>rc;ico;cur;bmp;dlg;rc2;rct;bin;rgs;gif;jpg;jpeg;jpe;resx;tiff;tif;png;wav;mfcribbon-ms</Extensions>
    </Filter>
  </ItemGroup>
  <ItemGroup>
    <ClInclude Include="inc\UI\AUserInterface.h">
      <Filter>Header Files</Filter>
    </ClInclude>
    <ClInclude Include="inc\UI\internal\dll.h">
      <Filter>Header Files</Filter>
    </ClInclude>
    <ClInclude Include="inc\UI\ImGui\ImGuiLayer.h">
      <Filter>Header Files</Filter>
    </ClInclude>
    <ClInclude Include="inc\UI\Widget\AWidget.h">
      <Filter>Header Files</Filter>
    </ClInclude>
    <ClInclude Include="inc\UI\Widget\AAlternativeRowBackgroundList.h">
      <Filter>Header Files</Filter>
    </ClInclude>
    <ClInclude Include="inc\UI\ImGui\Widget\ImGuiAlternativeRowBackgroundList.h">
      <Filter>Header Files</Filter>
    </ClInclude>
    <ClInclude Include="inc\UI\API\IDrawable.h">
      <Filter>Header Files</Filter>
    </ClInclude>
    <ClInclude Include="inc\UI\Panel\APanel.h">
      <Filter>Header Files</Filter>
    </ClInclude>
    <ClInclude Include="inc\UI\ImGui\Panel\ImGuiPanel.h">
      <Filter>Header Files</Filter>
    </ClInclude>
    <ClInclude Include="inc\UI\AWidgetContainer.h">
      <Filter>Header Files</Filter>
    </ClInclude>
    <ClInclude Include="inc\UI\AUIFactory.h">
      <Filter>Header Files</Filter>
    </ClInclude>
    <ClInclude Include="inc\UI\ImGui\ImGuiUIFactory.h">
      <Filter>Header Files</Filter>
    </ClInclude>
    <ClInclude Include="inc\UI\Widget\ATreeView.h">
      <Filter>Header Files</Filter>
    </ClInclude>
    <ClInclude Include="inc\UI\ImGui\Widget\ImGuiTreeView.h">
      <Filter>Header Files</Filter>
    </ClInclude>
    <ClInclude Include="inc\UI\Widget\AText.h">
      <Filter>Header Files</Filter>
    </ClInclude>
    <ClInclude Include="inc\UI\Widget\ADataWidget.h">
      <Filter>Header Files</Filter>
    </ClInclude>
    <ClInclude Include="inc\UI\ImGui\Widget\ImGuiText.h">
      <Filter>Header Files</Filter>
    </ClInclude>
    <ClInclude Include="inc\UI\AUIDrawer.h">
      <Filter>Header Files</Filter>
    </ClInclude>
    <ClInclude Include="inc\UI\ImGui\ImGuiUIDrawer.h">
      <Filter>Header Files</Filter>
    </ClInclude>
    <ClInclude Include="inc\UI\RectTransform.h">
      <Filter>Header Files</Filter>
    </ClInclude>
  </ItemGroup>
  <ItemGroup>
    <ClCompile Include="inc\UI\ImGui\ImGuiLayer.cpp">
      <Filter>Source Files</Filter>
    </ClCompile>
    <ClCompile Include="inc\UI\Export.cpp">
      <Filter>Source Files</Filter>
    </ClCompile>
    <ClCompile Include="inc\UI\Widget\AWidget.cpp">
      <Filter>Source Files</Filter>
    </ClCompile>
    <ClCompile Include="inc\UI\ImGui\Widget\ImGuiAlternativeRowBackgroundList.cpp">
      <Filter>Source Files</Filter>
    </ClCompile>
    <ClCompile Include="inc\UI\Widget\AAlternativeRowBackgroundList.cpp">
      <Filter>Source Files</Filter>
    </ClCompile>
    <ClCompile Include="inc\UI\AUserInterface.cpp">
      <Filter>Source Files</Filter>
    </ClCompile>
    <ClCompile Include="inc\UI\Panel\APanel.cpp">
      <Filter>Source Files</Filter>
    </ClCompile>
    <ClCompile Include="inc\UI\ImGui\Panel\ImGuiPanel.cpp">
      <Filter>Source Files</Filter>
    </ClCompile>
    <ClCompile Include="inc\UI\AWidgetContainer.cpp">
      <Filter>Source Files</Filter>
    </ClCompile>
    <ClCompile Include="inc\UI\AUIFactory.cpp">
      <Filter>Source Files</Filter>
    </ClCompile>
    <ClCompile Include="inc\UI\ImGui\ImGuiUIFactory.cpp">
      <Filter>Source Files</Filter>
    </ClCompile>
    <ClCompile Include="inc\UI\Widget\ATreeView.cpp">
      <Filter>Source Files</Filter>
    </ClCompile>
    <ClCompile Include="inc\UI\ImGui\Widget\ImGuiTreeView.cpp">
      <Filter>Source Files</Filter>
    </ClCompile>
    <ClCompile Include="inc\UI\ImGui\Widget\ImGuiText.cpp">
      <Filter>Source Files</Filter>
    </ClCompile>
    <ClCompile Include="inc\UI\AUIDrawer.cpp">
      <Filter>Source Files</Filter>
    </ClCompile>
    <ClCompile Include="inc\UI\ImGui\ImGuiUIDrawer.cpp">
      <Filter>Source Files</Filter>
    </ClCompile>
  </ItemGroup>
</Project>