<?xml version="1.0" encoding="utf-8"?>
<Project ToolsVersion="4.0" xmlns="http://schemas.microsoft.com/developer/msbuild/2003">
  <ItemGroup>
    <Filter Include="Source Files">
      <UniqueIdentifier>{4FC737F1-C7A5-4376-A066-2A32D752A2FF}</UniqueIdentifier>
      <Extensions>cpp;c;cc;cxx;c++;cppm;ixx;def;odl;idl;hpj;bat;asm;asmx</Extensions>
    </Filter>
    <Filter Include="Header Files">
      <UniqueIdentifier>{93995380-89BD-4b04-88EB-625FBE52EBFB}</UniqueIdentifier>
      <Extensions>h;hh;hpp;hxx;h++;hm;inl;inc;ipp;xsd</Extensions>
    </Filter>
    <Filter Include="Resource Files">
      <UniqueIdentifier>{67DA6AB6-F800-4c08-8B7A-83BB121AAD01}</UniqueIdentifier>
      <Extensions>rc;ico;cur;bmp;dlg;rc2;rct;bin;rgs;gif;jpg;jpeg;jpe;resx;tiff;tif;png;wav;mfcribbon-ms</Extensions>
    </Filter>
  </ItemGroup>
  <ItemGroup>
    <ClInclude Include="inc\GameEngine\GameApplication.h">
      <Filter>Header Files</Filter>
    </ClInclude>
    <ClInclude Include="inc\GameEngine\Internal\dll.h">
      <Filter>Header Files</Filter>
    </ClInclude>
    <ClInclude Include="inc\GameEngine\GameFramework\GameObject.h">
      <Filter>Header Files</Filter>
    </ClInclude>
    <ClInclude Include="inc\GameEngine\GameFramework\Scene.h">
      <Filter>Header Files</Filter>
    </ClInclude>
    <ClInclude Include="inc\GameEngine\GameFramework\Component\ComponentBase.h">
      <Filter>Header Files</Filter>
    </ClInclude>
    <ClInclude Include="inc\GameEngine\GameFramework\Component\Transform.h">
      <Filter>Header Files</Filter>
    </ClInclude>
    <ClInclude Include="inc\GameEngine\Object.h">
      <Filter>Header Files</Filter>
    </ClInclude>
    <ClInclude Include="src\GameEngine\internal\UUIDGenerator.h">
      <Filter>Header Files</Filter>
    </ClInclude>
    <ClInclude Include="inc\GameEngine\GameFramework\GameWorld.h">
      <Filter>Header Files</Filter>
    </ClInclude>
    <ClInclude Include="inc\GameEngine\GameFramework\Component\SphereCollider.h">
      <Filter>Header Files</Filter>
    </ClInclude>
    <ClInclude Include="inc\GameEngine\GameFramework\Component\RigidBody.h">
      <Filter>Header Files</Filter>
    </ClInclude>
    <ClInclude Include="inc\GameEngine\GameFramework\Component\MeshCollider.h">
      <Filter>Header Files</Filter>
    </ClInclude>
    <ClInclude Include="inc\GameEngine\GameFramework\Component\IPhysicsEventComponent.h">
      <Filter>Header Files</Filter>
    </ClInclude>
    <ClInclude Include="inc\GameEngine\GameFramework\Component\Collider.h">
      <Filter>Header Files</Filter>
    </ClInclude>
    <ClInclude Include="inc\GameEngine\GameFramework\Component\BoxCollider.h">
      <Filter>Header Files</Filter>
    </ClInclude>
    <ClInclude Include="inc\GameEngine\GameFramework\Component\CapsuleCollider.h">
      <Filter>Header Files</Filter>
    </ClInclude>
    <ClInclude Include="inc\GameEngine\GameFramework\Physics\Collision.h">
      <Filter>Header Files</Filter>
    </ClInclude>
    <ClInclude Include="inc\GameEngine\GameFramework\Physics\ContactPoint.h">
      <Filter>Header Files</Filter>
    </ClInclude>
    <ClInclude Include="inc\GameEngine\GameFramework\Physics\PhysicsSystem.h">
      <Filter>Header Files</Filter>
    </ClInclude>
    <ClInclude Include="inc\GameEngine\GameFramework\Component\StaticMeshRenderer.h">
      <Filter>Header Files</Filter>
    </ClInclude>
    <ClInclude Include="inc\GameEngine\GameFramework\Physics\RaycastHit.h">
      <Filter>Header Files</Filter>
    </ClInclude>
    <ClInclude Include="inc\GameEngine\GameFramework\Component\FreeLookCamera.h">
      <Filter>Header Files</Filter>
    </ClInclude>
    <ClInclude Include="inc\GameEngine\GameFramework\LayerMask.h">
      <Filter>Header Files</Filter>
    </ClInclude>
    <ClInclude Include="inc\GameEngine\GameFramework\Component\AudioListener.h">
      <Filter>Header Files</Filter>
    </ClInclude>
    <ClInclude Include="inc\GameEngine\GameFramework\Component\AudioSource.h">
      <Filter>Header Files</Filter>
    </ClInclude>
    <ClInclude Include="inc\GameEngine\GameFramework\Sound\AudioClip.h">
      <Filter>Header Files</Filter>
    </ClInclude>
    <ClInclude Include="inc\GameEngine\GameFramework\Component\AudioReverbZones.h">
      <Filter>Header Files</Filter>
    </ClInclude>
    <ClInclude Include="inc\GameEngine\GameFramework\Sound\AudioSystem.h">
      <Filter>Source Files</Filter>
    </ClInclude>
    <ClInclude Include="inc\GameEngine\Resource\Resource.h">
      <Filter>Header Files</Filter>
    </ClInclude>
    <ClInclude Include="inc\GameEngine\Resource\Resources.h">
      <Filter>Header Files</Filter>
    </ClInclude>
    <ClInclude Include="src\GameEngine_pch.h">
      <Filter>Header Files</Filter>
    </ClInclude>
    <ClInclude Include="inc\GameEngine\Resource\Mesh.h">
      <Filter>Header Files</Filter>
    </ClInclude>
    <ClInclude Include="inc\GameEngine\GameFramework\Component\Camera.h">
      <Filter>Header Files</Filter>
    </ClInclude>
    <ClInclude Include="inc\GameEngine\GameFramework\Struct\AddressConvertMap.h">
      <Filter>Header Files</Filter>
    </ClInclude>
    <ClInclude Include="inc\GameEngine\GameFramework\Component\Light\DirectionalLight.h">
      <Filter>Header Files</Filter>
    </ClInclude>
    <ClInclude Include="inc\GameEngine\Resource\GameObjectPrefab.h">
      <Filter>Header Files</Filter>
    </ClInclude>
    <ClInclude Include="inc\GameEngine\Interface\ISerializable.h">
      <Filter>Header Files</Filter>
    </ClInclude>
    <ClInclude Include="inc\GameEngine\GameFramework\Component\Animation.h">
      <Filter>Header Files</Filter>
    </ClInclude>
    <ClInclude Include="inc\GameEngine\Resource\AnimationClip.h">
      <Filter>Header Files</Filter>
    </ClInclude>
    <ClInclude Include="inc\GameEngine\GameFramework\Component\SkeletalMeshRenderer.h">
      <Filter>Header Files</Filter>
    </ClInclude>
    <ClInclude Include="inc\GameEngine\GameFramework\Component\CameraArm.h">
      <Filter>Header Files</Filter>
    </ClInclude>
    <ClInclude Include="inc\GameEngine\Resource\Texture.h">
      <Filter>Header Files</Filter>
    </ClInclude>
    <ClInclude Include="inc\GameEngine\Resource\Material.h">
      <Filter>Header Files</Filter>
    </ClInclude>
    <ClInclude Include="inc\GameEngine\Resource\AnimatorController.h">
      <Filter>Header Files</Filter>
    </ClInclude>
    <ClInclude Include="inc\GameEngine\Util\UELevelParser.h">
      <Filter>Header Files</Filter>
    </ClInclude>
    <ClInclude Include="inc\GameEngine\Util\UELevelImporter.h">
      <Filter>Header Files</Filter>
    </ClInclude>
    <ClInclude Include="inc\GameEngine\GameFramework\Component\Light\PointLight.h">
      <Filter>Header Files</Filter>
    </ClInclude>
    <ClInclude Include="inc\GameEngine\GameFramework\Component\Light\SpotLight.h">
      <Filter>Header Files</Filter>
    </ClInclude>
    <ClInclude Include="inc\GameEngine\Resource\FBXObject.h">
      <Filter>Header Files</Filter>
    </ClInclude>
    <ClInclude Include="inc\GameEngine\GameFramework\GameObjectHelper.h">
      <Filter>Header Files</Filter>
    </ClInclude>
    <ClInclude Include="inc\GameEngine\GameFramework\Debug.h">
      <Filter>Header Files</Filter>
    </ClInclude>
    <ClInclude Include="inc\GameEngine\GameFramework\Component\Animator.h">
      <Filter>Header Files</Filter>
    </ClInclude>
  </ItemGroup>
  <ItemGroup>
    <ClCompile Include="src\GameEngine\GameFramework\Component\ComponentBase.cpp">
      <Filter>Source Files</Filter>
    </ClCompile>
    <ClCompile Include="src\GameEngine\GameFramework\Component\Transform.cpp">
      <Filter>Source Files</Filter>
    </ClCompile>
    <ClCompile Include="src\GameEngine\GameFramework\GameObject.cpp">
      <Filter>Source Files</Filter>
    </ClCompile>
    <ClCompile Include="src\GameEngine\GameFramework\Scene.cpp">
      <Filter>Source Files</Filter>
    </ClCompile>
    <ClCompile Include="src\GameEngine\GameApplication.cpp">
      <Filter>Source Files</Filter>
    </ClCompile>
    <ClCompile Include="src\GameEngine\GameFramework\GameWorld.cpp">
      <Filter>Source Files</Filter>
    </ClCompile>
    <ClCompile Include="src\GameEngine\internal\UUIDGenerator.cpp">
      <Filter>Source Files</Filter>
    </ClCompile>
    <ClCompile Include="src\GameEngine\GameFramework\Physics\PhysicsSystem.cpp">
      <Filter>Source Files</Filter>
    </ClCompile>
    <ClCompile Include="src\GameEngine\GameFramework\Physics\Collision.cpp">
      <Filter>Source Files</Filter>
    </ClCompile>
    <ClCompile Include="src\GameEngine\GameFramework\Component\SphereCollider.cpp">
      <Filter>Source Files</Filter>
    </ClCompile>
    <ClCompile Include="src\GameEngine\GameFramework\Component\RigidBody.cpp">
      <Filter>Source Files</Filter>
    </ClCompile>
    <ClCompile Include="src\GameEngine\GameFramework\Component\MeshCollider.cpp">
      <Filter>Source Files</Filter>
    </ClCompile>
    <ClCompile Include="src\GameEngine\GameFramework\Component\Collider.cpp">
      <Filter>Source Files</Filter>
    </ClCompile>
    <ClCompile Include="src\GameEngine\GameFramework\Component\CapsuleCollider.cpp">
      <Filter>Source Files</Filter>
    </ClCompile>
    <ClCompile Include="src\GameEngine\GameFramework\Component\BoxCollider.cpp">
      <Filter>Source Files</Filter>
    </ClCompile>
    <ClCompile Include="src\GameEngine\GameFramework\Component\IPhysicsEventComponent.cpp">
      <Filter>Source Files</Filter>
    </ClCompile>
    <ClCompile Include="src\GameEngine\GameFramework\Component\StaticMeshRenderer.cpp">
      <Filter>Source Files</Filter>
    </ClCompile>
    <ClCompile Include="src\GameEngine\GameFramework\Component\FreeLookCamera.cpp">
      <Filter>Source Files</Filter>
    </ClCompile>
    <ClCompile Include="inc\GameEngine\GameFramework\LayerMask.inl">
      <Filter>Source Files</Filter>
    </ClCompile>
    <ClCompile Include="src\GameEngine\GameFramework\LayerMask.cpp">
      <Filter>Source Files</Filter>
    </ClCompile>
    <ClCompile Include="src\GameEngine\GameFramework\Component\AudioListener.cpp">
      <Filter>Source Files</Filter>
    </ClCompile>
    <ClCompile Include="src\GameEngine\GameFramework\Component\AudioSource.cpp">
      <Filter>Source Files</Filter>
    </ClCompile>
    <ClCompile Include="src\GameEngine\GameFramework\Sound\AudioSystem.cpp">
      <Filter>Source Files</Filter>
    </ClCompile>
    <ClCompile Include="src\GameEngine\GameFramework\Component\AudioReverbZones.cpp">
      <Filter>Source Files</Filter>
    </ClCompile>
    <ClCompile Include="src\GameEngine\GameFramework\Sound\AudioClip.cpp">
      <Filter>Source Files</Filter>
    </ClCompile>
    <ClCompile Include="src\GameEngine\Resource\Resources.cpp">
      <Filter>Source Files</Filter>
    </ClCompile>
    <ClCompile Include="src\GameEngine\Object.cpp">
      <Filter>Source Files</Filter>
    </ClCompile>
    <ClCompile Include="src\GameEngine_pch.cpp">
      <Filter>Source Files</Filter>
    </ClCompile>
    <ClCompile Include="src\GameEngine\Resource\Mesh.cpp">
      <Filter>Source Files</Filter>
    </ClCompile>
    <ClCompile Include="src\GameEngine\GameFramework\Component\Camera.cpp">
      <Filter>Source Files</Filter>
    </ClCompile>
    <ClCompile Include="src\GameEngine\GameFramework\Component\Light\DirectionalLight.cpp">
      <Filter>Source Files</Filter>
    </ClCompile>
    <ClCompile Include="src\GameEngine\Resource\GameObjectPrefab.cpp">
      <Filter>Source Files</Filter>
    </ClCompile>
    <ClCompile Include="src\GameEngine\GameFramework\Component\Animation.cpp">
      <Filter>Source Files</Filter>
    </ClCompile>
    <ClCompile Include="src\GameEngine\Resource\AnimationClip.cpp">
      <Filter>Source Files</Filter>
    </ClCompile>
    <ClCompile Include="src\GameEngine\GameFramework\Component\SkeletalMeshRenderer.cpp">
      <Filter>Source Files</Filter>
    </ClCompile>
    <ClCompile Include="src\GameEngine\GameFramework\Component\CameraArm.cpp">
      <Filter>Source Files</Filter>
    </ClCompile>
    <ClCompile Include="inc\GameEngine\Util\UELevelImporter.cpp">
      <Filter>Source Files</Filter>
    </ClCompile>
    <ClCompile Include="src\GameEngine\GameFramework\Component\Light\PointLight.cpp">
      <Filter>Source Files</Filter>
    </ClCompile>
    <ClCompile Include="src\GameEngine\GameFramework\Component\Light\SpotLight.cpp">
      <Filter>Source Files</Filter>
    </ClCompile>
    <ClCompile Include="inc\GameEngine\GameFramework\GameObjectHelper.cpp">
      <Filter>Source Files</Filter>
    </ClCompile>
    <ClCompile Include="inc\GameEngine\GameFramework\Debug.cpp">
      <Filter>Source Files</Filter>
    </ClCompile>
    <ClCompile Include="src\GameEngine\GameFramework\Component\Animator.cpp">
      <Filter>Source Files</Filter>
    </ClCompile>
    <ClCompile Include="inc\GameEngine\Resource\Material.cpp">
      <Filter>Source Files</Filter>
    </ClCompile>
  </ItemGroup>
  <ItemGroup>
    <Natvis Include="natvis\TL_GameEngine.natvis" />
  </ItemGroup>
</Project>