
Microsoft Visual Studio Solution File, Format Version 12.00
# Visual Studio Version 16
VisualStudioVersion = 16.0.31702.278
MinimumVisualStudioVersion = 10.0.40219.1
Project("{8BC9CEB8-8B4A-11D0-8D11-00A0C91BC942}") = "TL_GameRunner", "TL_GameRunner\TL_GameRunner.vcxproj", "{3A5CDAA8-3BDD-4B80-BB6A-31CAB8FC9914}"
	ProjectSection(ProjectDependencies) = postProject
		{42C3C016-999E-401A-AA19-4264DCEF7506} = {42C3C016-999E-401A-AA19-4264DCEF7506}
	EndProjectSection
EndProject
Project("{8BC9CEB8-8B4A-11D0-8D11-00A0C91BC942}") = "TL_GameEngine", "TL_GameEngine\TL_GameEngine.vcxproj", "{B9A5E45B-2B0D-4613-9EB6-61BE39F628CF}"
EndProject
Project("{8BC9CEB8-8B4A-11D0-8D11-00A0C91BC942}") = "TL_Graphics", "TL_Graphics\TL_Graphics.vcxproj", "{045F76B3-D186-4E4A-ACEE-5CBDB4617DE3}"
EndProject
Project("{8BC9CEB8-8B4A-11D0-8D11-00A0C91BC942}") = "TL_Physics", "TL_Physics\TL_Physics.vcxproj", "{55204282-E49C-4FE0-8055-2491905C498F}"
EndProject
Project("{8BC9CEB8-8B4A-11D0-8D11-00A0C91BC942}") = "TL_Common", "TL_Common\TL_Common.vcxproj", "{1E2DD089-556A-4BC5-9E4B-4676BE45604F}"
EndProject
Project("{8BC9CEB8-8B4A-11D0-8D11-00A0C91BC942}") = "TL_FBXLibrary", "TL_FBXLibrary\TL_FBXLibrary.vcxproj", "{491A7049-49E1-4821-8C31-9BF6A863F18E}"
EndProject
Project("{8BC9CEB8-8B4A-11D0-8D11-00A0C91BC942}") = "TL_SoundLib", "TL_SoundLib\TL_SoundLib.vcxproj", "{68B8FB9D-84E6-4E39-887F-97ECC9E3A858}"
EndProject
Project("{8BC9CEB8-8B4A-11D0-8D11-00A0C91BC942}") = "TL_GameClient", "TL_GameClient\TL_GameClient.vcxproj", "{42C3C016-999E-401A-AA19-4264DCEF7506}"
EndProject
Project("{8BC9CEB8-8B4A-11D0-8D11-00A0C91BC942}") = "TL_FBXLibrary_Sample", "TL_FBXLibrary_Sample\TL_FBXLibrary_Sample.vcxproj", "{4CA25929-7F5C-4A1C-A748-EE7AD01183D5}"
EndProject
Project("{8BC9CEB8-8B4A-11D0-8D11-00A0C91BC942}") = "TL_GraphicsSample", "TL_GraphicsSample\Client.vcxproj", "{407C1D99-A4AE-458E-92C7-F28872C7C6B7}"
EndProject
Project("{8BC9CEB8-8B4A-11D0-8D11-00A0C91BC942}") = "jw_Input", "jw_Input\ajwKeyBoard.vcxproj", "{6B57B248-7D34-4506-AA64-2997079E14A7}"
EndProject
Project("{8BC9CEB8-8B4A-11D0-8D11-00A0C91BC942}") = "ImGui", "ImGui\ImGui.vcxproj", "{FD75909F-FCC6-4DB5-AEB3-DD4949ED3A04}"
EndProject
Project("{8BC9CEB8-8B4A-11D0-8D11-00A0C91BC942}") = "spdlog", "spdlog\spdlog.vcxproj", "{A1059997-578E-455F-ACC5-ED2312CB970B}"
EndProject
Project("{8BC9CEB8-8B4A-11D0-8D11-00A0C91BC942}") = "googletest", "googletest\googletest.vcxproj", "{F7461A02-21E5-4B4B-8B86-C9D1038C9EB6}"
EndProject
Project("{8BC9CEB8-8B4A-11D0-8D11-00A0C91BC942}") = "TL_GameEngine_Test", "TL_GameEngine_Test\TL_GameEngine_Test.vcxproj", "{AF2C6B88-0ECC-4552-9B9A-E8DAB8B6A6FA}"
EndProject
Project("{8BC9CEB8-8B4A-11D0-8D11-00A0C91BC942}") = "TL_UI", "TL_UI\TL_UI.vcxproj", "{BAEC281C-06AB-47A1-B7A0-A48FDCA527A1}"
EndProject
Project("{8BC9CEB8-8B4A-11D0-8D11-00A0C91BC942}") = "TL_Log", "TL_Log\TL_Log.vcxproj", "{95A95720-07CD-40D7-BB4A-B26FE865D5BE}"
EndProject
Project("{8BC9CEB8-8B4A-11D0-8D11-00A0C91BC942}") = "TL_Application", "TL_Application\TL_Application.vcxproj", "{6FD50AE7-4716-4DCA-9F6D-CE87915FDF4B}"
EndProject
Project("{8BC9CEB8-8B4A-11D0-8D11-00A0C91BC942}") = "TL_GameEditor", "TL_GameEditor\TL_GameEditor.vcxproj", "{3EF6A2DD-A05F-452A-BAFB-8F56B325D7F1}"
	ProjectSection(ProjectDependencies) = postProject
		{42C3C016-999E-401A-AA19-4264DCEF7506} = {42C3C016-999E-401A-AA19-4264DCEF7506}
	EndProjectSection
EndProject
Global
	GlobalSection(SolutionConfigurationPlatforms) = preSolution
		Debug|x64 = Debug|x64
		Debug|x86 = Debug|x86
		MinSizeRel|x64 = MinSizeRel|x64
		MinSizeRel|x86 = MinSizeRel|x86
		Release|x64 = Release|x64
		Release|x86 = Release|x86
		RelWithDebInfo|x64 = RelWithDebInfo|x64
		RelWithDebInfo|x86 = RelWithDebInfo|x86
	EndGlobalSection
	GlobalSection(ProjectConfigurationPlatforms) = postSolution
		{3A5CDAA8-3BDD-4B80-BB6A-31CAB8FC9914}.Debug|x64.ActiveCfg = Debug|x64
		{3A5CDAA8-3BDD-4B80-BB6A-31CAB8FC9914}.Debug|x64.Build.0 = Debug|x64
		{3A5CDAA8-3BDD-4B80-BB6A-31CAB8FC9914}.Debug|x86.ActiveCfg = Debug|Win32
		{3A5CDAA8-3BDD-4B80-BB6A-31CAB8FC9914}.Debug|x86.Build.0 = Debug|Win32
		{3A5CDAA8-3BDD-4B80-BB6A-31CAB8FC9914}.MinSizeRel|x64.ActiveCfg = Release|x64
		{3A5CDAA8-3BDD-4B80-BB6A-31CAB8FC9914}.MinSizeRel|x64.Build.0 = Release|x64
		{3A5CDAA8-3BDD-4B80-BB6A-31CAB8FC9914}.MinSizeRel|x86.ActiveCfg = Release|Win32
		{3A5CDAA8-3BDD-4B80-BB6A-31CAB8FC9914}.MinSizeRel|x86.Build.0 = Release|Win32
		{3A5CDAA8-3BDD-4B80-BB6A-31CAB8FC9914}.Release|x64.ActiveCfg = Release|x64
		{3A5CDAA8-3BDD-4B80-BB6A-31CAB8FC9914}.Release|x64.Build.0 = Release|x64
		{3A5CDAA8-3BDD-4B80-BB6A-31CAB8FC9914}.Release|x86.ActiveCfg = Release|Win32
		{3A5CDAA8-3BDD-4B80-BB6A-31CAB8FC9914}.Release|x86.Build.0 = Release|Win32
		{3A5CDAA8-3BDD-4B80-BB6A-31CAB8FC9914}.RelWithDebInfo|x64.ActiveCfg = Release|x64
		{3A5CDAA8-3BDD-4B80-BB6A-31CAB8FC9914}.RelWithDebInfo|x64.Build.0 = Release|x64
		{3A5CDAA8-3BDD-4B80-BB6A-31CAB8FC9914}.RelWithDebInfo|x86.ActiveCfg = Release|Win32
		{3A5CDAA8-3BDD-4B80-BB6A-31CAB8FC9914}.RelWithDebInfo|x86.Build.0 = Release|Win32
		{B9A5E45B-2B0D-4613-9EB6-61BE39F628CF}.Debug|x64.ActiveCfg = Debug|x64
		{B9A5E45B-2B0D-4613-9EB6-61BE39F628CF}.Debug|x64.Build.0 = Debug|x64
		{B9A5E45B-2B0D-4613-9EB6-61BE39F628CF}.Debug|x86.ActiveCfg = Debug|Win32
		{B9A5E45B-2B0D-4613-9EB6-61BE39F628CF}.Debug|x86.Build.0 = Debug|Win32
		{B9A5E45B-2B0D-4613-9EB6-61BE39F628CF}.MinSizeRel|x64.ActiveCfg = Release|x64
		{B9A5E45B-2B0D-4613-9EB6-61BE39F628CF}.MinSizeRel|x64.Build.0 = Release|x64
		{B9A5E45B-2B0D-4613-9EB6-61BE39F628CF}.MinSizeRel|x86.ActiveCfg = Release|Win32
		{B9A5E45B-2B0D-4613-9EB6-61BE39F628CF}.MinSizeRel|x86.Build.0 = Release|Win32
		{B9A5E45B-2B0D-4613-9EB6-61BE39F628CF}.Release|x64.ActiveCfg = Release|x64
		{B9A5E45B-2B0D-4613-9EB6-61BE39F628CF}.Release|x64.Build.0 = Release|x64
		{B9A5E45B-2B0D-4613-9EB6-61BE39F628CF}.Release|x86.ActiveCfg = Release|Win32
		{B9A5E45B-2B0D-4613-9EB6-61BE39F628CF}.Release|x86.Build.0 = Release|Win32
		{B9A5E45B-2B0D-4613-9EB6-61BE39F628CF}.RelWithDebInfo|x64.ActiveCfg = Release|x64
		{B9A5E45B-2B0D-4613-9EB6-61BE39F628CF}.RelWithDebInfo|x64.Build.0 = Release|x64
		{B9A5E45B-2B0D-4613-9EB6-61BE39F628CF}.RelWithDebInfo|x86.ActiveCfg = Release|Win32
		{B9A5E45B-2B0D-4613-9EB6-61BE39F628CF}.RelWithDebInfo|x86.Build.0 = Release|Win32
		{045F76B3-D186-4E4A-ACEE-5CBDB4617DE3}.Debug|x64.ActiveCfg = Debug|x64
		{045F76B3-D186-4E4A-ACEE-5CBDB4617DE3}.Debug|x64.Build.0 = Debug|x64
		{045F76B3-D186-4E4A-ACEE-5CBDB4617DE3}.Debug|x86.ActiveCfg = Debug|Win32
		{045F76B3-D186-4E4A-ACEE-5CBDB4617DE3}.Debug|x86.Build.0 = Debug|Win32
		{045F76B3-D186-4E4A-ACEE-5CBDB4617DE3}.MinSizeRel|x64.ActiveCfg = Release|x64
		{045F76B3-D186-4E4A-ACEE-5CBDB4617DE3}.MinSizeRel|x64.Build.0 = Release|x64
		{045F76B3-D186-4E4A-ACEE-5CBDB4617DE3}.MinSizeRel|x86.ActiveCfg = Release|Win32
		{045F76B3-D186-4E4A-ACEE-5CBDB4617DE3}.MinSizeRel|x86.Build.0 = Release|Win32
		{045F76B3-D186-4E4A-ACEE-5CBDB4617DE3}.Release|x64.ActiveCfg = Release|x64
		{045F76B3-D186-4E4A-ACEE-5CBDB4617DE3}.Release|x64.Build.0 = Release|x64
		{045F76B3-D186-4E4A-ACEE-5CBDB4617DE3}.Release|x86.ActiveCfg = Release|Win32
		{045F76B3-D186-4E4A-ACEE-5CBDB4617DE3}.Release|x86.Build.0 = Release|Win32
		{045F76B3-D186-4E4A-ACEE-5CBDB4617DE3}.RelWithDebInfo|x64.ActiveCfg = Release|x64
		{045F76B3-D186-4E4A-ACEE-5CBDB4617DE3}.RelWithDebInfo|x64.Build.0 = Release|x64
		{045F76B3-D186-4E4A-ACEE-5CBDB4617DE3}.RelWithDebInfo|x86.ActiveCfg = Release|Win32
		{045F76B3-D186-4E4A-ACEE-5CBDB4617DE3}.RelWithDebInfo|x86.Build.0 = Release|Win32
		{55204282-E49C-4FE0-8055-2491905C498F}.Debug|x64.ActiveCfg = Debug|x64
		{55204282-E49C-4FE0-8055-2491905C498F}.Debug|x64.Build.0 = Debug|x64
		{55204282-E49C-4FE0-8055-2491905C498F}.Debug|x86.ActiveCfg = Debug|Win32
		{55204282-E49C-4FE0-8055-2491905C498F}.Debug|x86.Build.0 = Debug|Win32
		{55204282-E49C-4FE0-8055-2491905C498F}.MinSizeRel|x64.ActiveCfg = Release|x64
		{55204282-E49C-4FE0-8055-2491905C498F}.MinSizeRel|x64.Build.0 = Release|x64
		{55204282-E49C-4FE0-8055-2491905C498F}.MinSizeRel|x86.ActiveCfg = Release|Win32
		{55204282-E49C-4FE0-8055-2491905C498F}.MinSizeRel|x86.Build.0 = Release|Win32
		{55204282-E49C-4FE0-8055-2491905C498F}.Release|x64.ActiveCfg = Release|x64
		{55204282-E49C-4FE0-8055-2491905C498F}.Release|x64.Build.0 = Release|x64
		{55204282-E49C-4FE0-8055-2491905C498F}.Release|x86.ActiveCfg = Release|Win32
		{55204282-E49C-4FE0-8055-2491905C498F}.Release|x86.Build.0 = Release|Win32
		{55204282-E49C-4FE0-8055-2491905C498F}.RelWithDebInfo|x64.ActiveCfg = Release|x64
		{55204282-E49C-4FE0-8055-2491905C498F}.RelWithDebInfo|x64.Build.0 = Release|x64
		{55204282-E49C-4FE0-8055-2491905C498F}.RelWithDebInfo|x86.ActiveCfg = Release|Win32
		{55204282-E49C-4FE0-8055-2491905C498F}.RelWithDebInfo|x86.Build.0 = Release|Win32
		{1E2DD089-556A-4BC5-9E4B-4676BE45604F}.Debug|x64.ActiveCfg = Debug|x64
		{1E2DD089-556A-4BC5-9E4B-4676BE45604F}.Debug|x64.Build.0 = Debug|x64
		{1E2DD089-556A-4BC5-9E4B-4676BE45604F}.Debug|x86.ActiveCfg = Debug|Win32
		{1E2DD089-556A-4BC5-9E4B-4676BE45604F}.Debug|x86.Build.0 = Debug|Win32
		{1E2DD089-556A-4BC5-9E4B-4676BE45604F}.MinSizeRel|x64.ActiveCfg = Release|x64
		{1E2DD089-556A-4BC5-9E4B-4676BE45604F}.MinSizeRel|x64.Build.0 = Release|x64
		{1E2DD089-556A-4BC5-9E4B-4676BE45604F}.MinSizeRel|x86.ActiveCfg = Release|Win32
		{1E2DD089-556A-4BC5-9E4B-4676BE45604F}.MinSizeRel|x86.Build.0 = Release|Win32
		{1E2DD089-556A-4BC5-9E4B-4676BE45604F}.Release|x64.ActiveCfg = Release|x64
		{1E2DD089-556A-4BC5-9E4B-4676BE45604F}.Release|x64.Build.0 = Release|x64
		{1E2DD089-556A-4BC5-9E4B-4676BE45604F}.Release|x86.ActiveCfg = Release|Win32
		{1E2DD089-556A-4BC5-9E4B-4676BE45604F}.Release|x86.Build.0 = Release|Win32
		{1E2DD089-556A-4BC5-9E4B-4676BE45604F}.RelWithDebInfo|x64.ActiveCfg = Release|x64
		{1E2DD089-556A-4BC5-9E4B-4676BE45604F}.RelWithDebInfo|x64.Build.0 = Release|x64
		{1E2DD089-556A-4BC5-9E4B-4676BE45604F}.RelWithDebInfo|x86.ActiveCfg = Release|Win32
		{1E2DD089-556A-4BC5-9E4B-4676BE45604F}.RelWithDebInfo|x86.Build.0 = Release|Win32
		{491A7049-49E1-4821-8C31-9BF6A863F18E}.Debug|x64.ActiveCfg = Debug|x64
		{491A7049-49E1-4821-8C31-9BF6A863F18E}.Debug|x64.Build.0 = Debug|x64
		{491A7049-49E1-4821-8C31-9BF6A863F18E}.Debug|x86.ActiveCfg = Debug|Win32
		{491A7049-49E1-4821-8C31-9BF6A863F18E}.Debug|x86.Build.0 = Debug|Win32
		{491A7049-49E1-4821-8C31-9BF6A863F18E}.MinSizeRel|x64.ActiveCfg = Release|x64
		{491A7049-49E1-4821-8C31-9BF6A863F18E}.MinSizeRel|x64.Build.0 = Release|x64
		{491A7049-49E1-4821-8C31-9BF6A863F18E}.MinSizeRel|x86.ActiveCfg = Release|Win32
		{491A7049-49E1-4821-8C31-9BF6A863F18E}.MinSizeRel|x86.Build.0 = Release|Win32
		{491A7049-49E1-4821-8C31-9BF6A863F18E}.Release|x64.ActiveCfg = Release|x64
		{491A7049-49E1-4821-8C31-9BF6A863F18E}.Release|x64.Build.0 = Release|x64
		{491A7049-49E1-4821-8C31-9BF6A863F18E}.Release|x86.ActiveCfg = Release|Win32
		{491A7049-49E1-4821-8C31-9BF6A863F18E}.Release|x86.Build.0 = Release|Win32
		{491A7049-49E1-4821-8C31-9BF6A863F18E}.RelWithDebInfo|x64.ActiveCfg = Release|x64
		{491A7049-49E1-4821-8C31-9BF6A863F18E}.RelWithDebInfo|x64.Build.0 = Release|x64
		{491A7049-49E1-4821-8C31-9BF6A863F18E}.RelWithDebInfo|x86.ActiveCfg = Release|Win32
		{491A7049-49E1-4821-8C31-9BF6A863F18E}.RelWithDebInfo|x86.Build.0 = Release|Win32
		{68B8FB9D-84E6-4E39-887F-97ECC9E3A858}.Debug|x64.ActiveCfg = Debug|x64
		{68B8FB9D-84E6-4E39-887F-97ECC9E3A858}.Debug|x64.Build.0 = Debug|x64
		{68B8FB9D-84E6-4E39-887F-97ECC9E3A858}.Debug|x86.ActiveCfg = Debug|Win32
		{68B8FB9D-84E6-4E39-887F-97ECC9E3A858}.Debug|x86.Build.0 = Debug|Win32
		{68B8FB9D-84E6-4E39-887F-97ECC9E3A858}.MinSizeRel|x64.ActiveCfg = Release|x64
		{68B8FB9D-84E6-4E39-887F-97ECC9E3A858}.MinSizeRel|x64.Build.0 = Release|x64
		{68B8FB9D-84E6-4E39-887F-97ECC9E3A858}.MinSizeRel|x86.ActiveCfg = Release|Win32
		{68B8FB9D-84E6-4E39-887F-97ECC9E3A858}.MinSizeRel|x86.Build.0 = Release|Win32
		{68B8FB9D-84E6-4E39-887F-97ECC9E3A858}.Release|x64.ActiveCfg = Release|x64
		{68B8FB9D-84E6-4E39-887F-97ECC9E3A858}.Release|x64.Build.0 = Release|x64
		{68B8FB9D-84E6-4E39-887F-97ECC9E3A858}.Release|x86.ActiveCfg = Release|Win32
		{68B8FB9D-84E6-4E39-887F-97ECC9E3A858}.Release|x86.Build.0 = Release|Win32
		{68B8FB9D-84E6-4E39-887F-97ECC9E3A858}.RelWithDebInfo|x64.ActiveCfg = Release|x64
		{68B8FB9D-84E6-4E39-887F-97ECC9E3A858}.RelWithDebInfo|x64.Build.0 = Release|x64
		{68B8FB9D-84E6-4E39-887F-97ECC9E3A858}.RelWithDebInfo|x86.ActiveCfg = Release|Win32
		{68B8FB9D-84E6-4E39-887F-97ECC9E3A858}.RelWithDebInfo|x86.Build.0 = Release|Win32
		{42C3C016-999E-401A-AA19-4264DCEF7506}.Debug|x64.ActiveCfg = Debug|x64
		{42C3C016-999E-401A-AA19-4264DCEF7506}.Debug|x64.Build.0 = Debug|x64
		{42C3C016-999E-401A-AA19-4264DCEF7506}.Debug|x86.ActiveCfg = Debug|Win32
		{42C3C016-999E-401A-AA19-4264DCEF7506}.Debug|x86.Build.0 = Debug|Win32
		{42C3C016-999E-401A-AA19-4264DCEF7506}.MinSizeRel|x64.ActiveCfg = Release|x64
		{42C3C016-999E-401A-AA19-4264DCEF7506}.MinSizeRel|x64.Build.0 = Release|x64
		{42C3C016-999E-401A-AA19-4264DCEF7506}.MinSizeRel|x86.ActiveCfg = Release|Win32
		{42C3C016-999E-401A-AA19-4264DCEF7506}.MinSizeRel|x86.Build.0 = Release|Win32
		{42C3C016-999E-401A-AA19-4264DCEF7506}.Release|x64.ActiveCfg = Release|x64
		{42C3C016-999E-401A-AA19-4264DCEF7506}.Release|x64.Build.0 = Release|x64
		{42C3C016-999E-401A-AA19-4264DCEF7506}.Release|x86.ActiveCfg = Release|Win32
		{42C3C016-999E-401A-AA19-4264DCEF7506}.Release|x86.Build.0 = Release|Win32
		{42C3C016-999E-401A-AA19-4264DCEF7506}.RelWithDebInfo|x64.ActiveCfg = Release|x64
		{42C3C016-999E-401A-AA19-4264DCEF7506}.RelWithDebInfo|x64.Build.0 = Release|x64
		{42C3C016-999E-401A-AA19-4264DCEF7506}.RelWithDebInfo|x86.ActiveCfg = Release|Win32
		{42C3C016-999E-401A-AA19-4264DCEF7506}.RelWithDebInfo|x86.Build.0 = Release|Win32
		{4CA25929-7F5C-4A1C-A748-EE7AD01183D5}.Debug|x64.ActiveCfg = Debug|x64
		{4CA25929-7F5C-4A1C-A748-EE7AD01183D5}.Debug|x64.Build.0 = Debug|x64
		{4CA25929-7F5C-4A1C-A748-EE7AD01183D5}.Debug|x86.ActiveCfg = Debug|Win32
		{4CA25929-7F5C-4A1C-A748-EE7AD01183D5}.Debug|x86.Build.0 = Debug|Win32
		{4CA25929-7F5C-4A1C-A748-EE7AD01183D5}.MinSizeRel|x64.ActiveCfg = Release|x64
		{4CA25929-7F5C-4A1C-A748-EE7AD01183D5}.MinSizeRel|x64.Build.0 = Release|x64
		{4CA25929-7F5C-4A1C-A748-EE7AD01183D5}.MinSizeRel|x86.ActiveCfg = Release|Win32
		{4CA25929-7F5C-4A1C-A748-EE7AD01183D5}.MinSizeRel|x86.Build.0 = Release|Win32
		{4CA25929-7F5C-4A1C-A748-EE7AD01183D5}.Release|x64.ActiveCfg = Release|x64
		{4CA25929-7F5C-4A1C-A748-EE7AD01183D5}.Release|x64.Build.0 = Release|x64
		{4CA25929-7F5C-4A1C-A748-EE7AD01183D5}.Release|x86.ActiveCfg = Release|Win32
		{4CA25929-7F5C-4A1C-A748-EE7AD01183D5}.Release|x86.Build.0 = Release|Win32
		{4CA25929-7F5C-4A1C-A748-EE7AD01183D5}.RelWithDebInfo|x64.ActiveCfg = Release|x64
		{4CA25929-7F5C-4A1C-A748-EE7AD01183D5}.RelWithDebInfo|x64.Build.0 = Release|x64
		{4CA25929-7F5C-4A1C-A748-EE7AD01183D5}.RelWithDebInfo|x86.ActiveCfg = Release|Win32
		{4CA25929-7F5C-4A1C-A748-EE7AD01183D5}.RelWithDebInfo|x86.Build.0 = Release|Win32
		{407C1D99-A4AE-458E-92C7-F28872C7C6B7}.Debug|x64.ActiveCfg = Debug|x64
		{407C1D99-A4AE-458E-92C7-F28872C7C6B7}.Debug|x64.Build.0 = Debug|x64
		{407C1D99-A4AE-458E-92C7-F28872C7C6B7}.Debug|x86.ActiveCfg = Debug|Win32
		{407C1D99-A4AE-458E-92C7-F28872C7C6B7}.Debug|x86.Build.0 = Debug|Win32
		{407C1D99-A4AE-458E-92C7-F28872C7C6B7}.MinSizeRel|x64.ActiveCfg = Release|x64
		{407C1D99-A4AE-458E-92C7-F28872C7C6B7}.MinSizeRel|x64.Build.0 = Release|x64
		{407C1D99-A4AE-458E-92C7-F28872C7C6B7}.MinSizeRel|x86.ActiveCfg = Release|Win32
		{407C1D99-A4AE-458E-92C7-F28872C7C6B7}.MinSizeRel|x86.Build.0 = Release|Win32
		{407C1D99-A4AE-458E-92C7-F28872C7C6B7}.Release|x64.ActiveCfg = Release|x64
		{407C1D99-A4AE-458E-92C7-F28872C7C6B7}.Release|x64.Build.0 = Release|x64
		{407C1D99-A4AE-458E-92C7-F28872C7C6B7}.Release|x86.ActiveCfg = Release|Win32
		{407C1D99-A4AE-458E-92C7-F28872C7C6B7}.Release|x86.Build.0 = Release|Win32
		{407C1D99-A4AE-458E-92C7-F28872C7C6B7}.RelWithDebInfo|x64.ActiveCfg = Release|x64
		{407C1D99-A4AE-458E-92C7-F28872C7C6B7}.RelWithDebInfo|x64.Build.0 = Release|x64
		{407C1D99-A4AE-458E-92C7-F28872C7C6B7}.RelWithDebInfo|x86.ActiveCfg = Release|Win32
		{407C1D99-A4AE-458E-92C7-F28872C7C6B7}.RelWithDebInfo|x86.Build.0 = Release|Win32
		{6B57B248-7D34-4506-AA64-2997079E14A7}.Debug|x64.ActiveCfg = Debug|x64
		{6B57B248-7D34-4506-AA64-2997079E14A7}.Debug|x64.Build.0 = Debug|x64
		{6B57B248-7D34-4506-AA64-2997079E14A7}.Debug|x86.ActiveCfg = Debug|Win32
		{6B57B248-7D34-4506-AA64-2997079E14A7}.Debug|x86.Build.0 = Debug|Win32
		{6B57B248-7D34-4506-AA64-2997079E14A7}.MinSizeRel|x64.ActiveCfg = Release|x64
		{6B57B248-7D34-4506-AA64-2997079E14A7}.MinSizeRel|x64.Build.0 = Release|x64
		{6B57B248-7D34-4506-AA64-2997079E14A7}.MinSizeRel|x86.ActiveCfg = Release|Win32
		{6B57B248-7D34-4506-AA64-2997079E14A7}.MinSizeRel|x86.Build.0 = Release|Win32
		{6B57B248-7D34-4506-AA64-2997079E14A7}.Release|x64.ActiveCfg = Release|x64
		{6B57B248-7D34-4506-AA64-2997079E14A7}.Release|x64.Build.0 = Release|x64
		{6B57B248-7D34-4506-AA64-2997079E14A7}.Release|x86.ActiveCfg = Release|Win32
		{6B57B248-7D34-4506-AA64-2997079E14A7}.Release|x86.Build.0 = Release|Win32
		{6B57B248-7D34-4506-AA64-2997079E14A7}.RelWithDebInfo|x64.ActiveCfg = Release|x64
		{6B57B248-7D34-4506-AA64-2997079E14A7}.RelWithDebInfo|x64.Build.0 = Release|x64
		{6B57B248-7D34-4506-AA64-2997079E14A7}.RelWithDebInfo|x86.ActiveCfg = Release|Win32
		{6B57B248-7D34-4506-AA64-2997079E14A7}.RelWithDebInfo|x86.Build.0 = Release|Win32
		{FD75909F-FCC6-4DB5-AEB3-DD4949ED3A04}.Debug|x64.ActiveCfg = Debug|x64
		{FD75909F-FCC6-4DB5-AEB3-DD4949ED3A04}.Debug|x64.Build.0 = Debug|x64
		{FD75909F-FCC6-4DB5-AEB3-DD4949ED3A04}.Debug|x86.ActiveCfg = Debug|Win32
		{FD75909F-FCC6-4DB5-AEB3-DD4949ED3A04}.Debug|x86.Build.0 = Debug|Win32
		{FD75909F-FCC6-4DB5-AEB3-DD4949ED3A04}.MinSizeRel|x64.ActiveCfg = Release|x64
		{FD75909F-FCC6-4DB5-AEB3-DD4949ED3A04}.MinSizeRel|x64.Build.0 = Release|x64
		{FD75909F-FCC6-4DB5-AEB3-DD4949ED3A04}.MinSizeRel|x86.ActiveCfg = Release|Win32
		{FD75909F-FCC6-4DB5-AEB3-DD4949ED3A04}.MinSizeRel|x86.Build.0 = Release|Win32
		{FD75909F-FCC6-4DB5-AEB3-DD4949ED3A04}.Release|x64.ActiveCfg = Release|x64
		{FD75909F-FCC6-4DB5-AEB3-DD4949ED3A04}.Release|x64.Build.0 = Release|x64
		{FD75909F-FCC6-4DB5-AEB3-DD4949ED3A04}.Release|x86.ActiveCfg = Release|Win32
		{FD75909F-FCC6-4DB5-AEB3-DD4949ED3A04}.Release|x86.Build.0 = Release|Win32
		{FD75909F-FCC6-4DB5-AEB3-DD4949ED3A04}.RelWithDebInfo|x64.ActiveCfg = Release|x64
		{FD75909F-FCC6-4DB5-AEB3-DD4949ED3A04}.RelWithDebInfo|x64.Build.0 = Release|x64
		{FD75909F-FCC6-4DB5-AEB3-DD4949ED3A04}.RelWithDebInfo|x86.ActiveCfg = Release|Win32
		{FD75909F-FCC6-4DB5-AEB3-DD4949ED3A04}.RelWithDebInfo|x86.Build.0 = Release|Win32
		{A1059997-578E-455F-ACC5-ED2312CB970B}.Debug|x64.ActiveCfg = Debug|x64
		{A1059997-578E-455F-ACC5-ED2312CB970B}.Debug|x64.Build.0 = Debug|x64
		{A1059997-578E-455F-ACC5-ED2312CB970B}.Debug|x86.ActiveCfg = Debug|Win32
		{A1059997-578E-455F-ACC5-ED2312CB970B}.Debug|x86.Build.0 = Debug|Win32
		{A1059997-578E-455F-ACC5-ED2312CB970B}.MinSizeRel|x64.ActiveCfg = Release|x64
		{A1059997-578E-455F-ACC5-ED2312CB970B}.MinSizeRel|x64.Build.0 = Release|x64
		{A1059997-578E-455F-ACC5-ED2312CB970B}.MinSizeRel|x86.ActiveCfg = Release|Win32
		{A1059997-578E-455F-ACC5-ED2312CB970B}.MinSizeRel|x86.Build.0 = Release|Win32
		{A1059997-578E-455F-ACC5-ED2312CB970B}.Release|x64.ActiveCfg = Release|x64
		{A1059997-578E-455F-ACC5-ED2312CB970B}.Release|x64.Build.0 = Release|x64
		{A1059997-578E-455F-ACC5-ED2312CB970B}.Release|x86.ActiveCfg = Release|Win32
		{A1059997-578E-455F-ACC5-ED2312CB970B}.Release|x86.Build.0 = Release|Win32
		{A1059997-578E-455F-ACC5-ED2312CB970B}.RelWithDebInfo|x64.ActiveCfg = Release|x64
		{A1059997-578E-455F-ACC5-ED2312CB970B}.RelWithDebInfo|x64.Build.0 = Release|x64
		{A1059997-578E-455F-ACC5-ED2312CB970B}.RelWithDebInfo|x86.ActiveCfg = Release|Win32
		{A1059997-578E-455F-ACC5-ED2312CB970B}.RelWithDebInfo|x86.Build.0 = Release|Win32
		{F7461A02-21E5-4B4B-8B86-C9D1038C9EB6}.Debug|x64.ActiveCfg = Debug|x64
		{F7461A02-21E5-4B4B-8B86-C9D1038C9EB6}.Debug|x64.Build.0 = Debug|x64
		{F7461A02-21E5-4B4B-8B86-C9D1038C9EB6}.Debug|x86.ActiveCfg = Debug|Win32
		{F7461A02-21E5-4B4B-8B86-C9D1038C9EB6}.Debug|x86.Build.0 = Debug|Win32
		{F7461A02-21E5-4B4B-8B86-C9D1038C9EB6}.MinSizeRel|x64.ActiveCfg = Release|x64
		{F7461A02-21E5-4B4B-8B86-C9D1038C9EB6}.MinSizeRel|x64.Build.0 = Release|x64
		{F7461A02-21E5-4B4B-8B86-C9D1038C9EB6}.MinSizeRel|x86.ActiveCfg = Release|Win32
		{F7461A02-21E5-4B4B-8B86-C9D1038C9EB6}.MinSizeRel|x86.Build.0 = Release|Win32
		{F7461A02-21E5-4B4B-8B86-C9D1038C9EB6}.Release|x64.ActiveCfg = Release|x64
		{F7461A02-21E5-4B4B-8B86-C9D1038C9EB6}.Release|x64.Build.0 = Release|x64
		{F7461A02-21E5-4B4B-8B86-C9D1038C9EB6}.Release|x86.ActiveCfg = Release|Win32
		{F7461A02-21E5-4B4B-8B86-C9D1038C9EB6}.Release|x86.Build.0 = Release|Win32
		{F7461A02-21E5-4B4B-8B86-C9D1038C9EB6}.RelWithDebInfo|x64.ActiveCfg = Release|x64
		{F7461A02-21E5-4B4B-8B86-C9D1038C9EB6}.RelWithDebInfo|x64.Build.0 = Release|x64
		{F7461A02-21E5-4B4B-8B86-C9D1038C9EB6}.RelWithDebInfo|x86.ActiveCfg = Release|Win32
		{F7461A02-21E5-4B4B-8B86-C9D1038C9EB6}.RelWithDebInfo|x86.Build.0 = Release|Win32
		{AF2C6B88-0ECC-4552-9B9A-E8DAB8B6A6FA}.Debug|x64.ActiveCfg = Debug|x64
		{AF2C6B88-0ECC-4552-9B9A-E8DAB8B6A6FA}.Debug|x64.Build.0 = Debug|x64
		{AF2C6B88-0ECC-4552-9B9A-E8DAB8B6A6FA}.Debug|x86.ActiveCfg = Debug|Win32
		{AF2C6B88-0ECC-4552-9B9A-E8DAB8B6A6FA}.Debug|x86.Build.0 = Debug|Win32
		{AF2C6B88-0ECC-4552-9B9A-E8DAB8B6A6FA}.MinSizeRel|x64.ActiveCfg = Release|x64
		{AF2C6B88-0ECC-4552-9B9A-E8DAB8B6A6FA}.MinSizeRel|x64.Build.0 = Release|x64
		{AF2C6B88-0ECC-4552-9B9A-E8DAB8B6A6FA}.MinSizeRel|x86.ActiveCfg = Release|Win32
		{AF2C6B88-0ECC-4552-9B9A-E8DAB8B6A6FA}.MinSizeRel|x86.Build.0 = Release|Win32
		{AF2C6B88-0ECC-4552-9B9A-E8DAB8B6A6FA}.Release|x64.ActiveCfg = Release|x64
		{AF2C6B88-0ECC-4552-9B9A-E8DAB8B6A6FA}.Release|x64.Build.0 = Release|x64
		{AF2C6B88-0ECC-4552-9B9A-E8DAB8B6A6FA}.Release|x86.ActiveCfg = Release|Win32
		{AF2C6B88-0ECC-4552-9B9A-E8DAB8B6A6FA}.Release|x86.Build.0 = Release|Win32
		{AF2C6B88-0ECC-4552-9B9A-E8DAB8B6A6FA}.RelWithDebInfo|x64.ActiveCfg = Release|x64
		{AF2C6B88-0ECC-4552-9B9A-E8DAB8B6A6FA}.RelWithDebInfo|x64.Build.0 = Release|x64
		{AF2C6B88-0ECC-4552-9B9A-E8DAB8B6A6FA}.RelWithDebInfo|x86.ActiveCfg = Release|Win32
		{AF2C6B88-0ECC-4552-9B9A-E8DAB8B6A6FA}.RelWithDebInfo|x86.Build.0 = Release|Win32
		{BAEC281C-06AB-47A1-B7A0-A48FDCA527A1}.Debug|x64.ActiveCfg = Debug|x64
		{BAEC281C-06AB-47A1-B7A0-A48FDCA527A1}.Debug|x64.Build.0 = Debug|x64
		{BAEC281C-06AB-47A1-B7A0-A48FDCA527A1}.Debug|x86.ActiveCfg = Debug|Win32
		{BAEC281C-06AB-47A1-B7A0-A48FDCA527A1}.Debug|x86.Build.0 = Debug|Win32
		{BAEC281C-06AB-47A1-B7A0-A48FDCA527A1}.MinSizeRel|x64.ActiveCfg = Release|x64
		{BAEC281C-06AB-47A1-B7A0-A48FDCA527A1}.MinSizeRel|x64.Build.0 = Release|x64
		{BAEC281C-06AB-47A1-B7A0-A48FDCA527A1}.MinSizeRel|x86.ActiveCfg = Release|Win32
		{BAEC281C-06AB-47A1-B7A0-A48FDCA527A1}.MinSizeRel|x86.Build.0 = Release|Win32
		{BAEC281C-06AB-47A1-B7A0-A48FDCA527A1}.Release|x64.ActiveCfg = Release|x64
		{BAEC281C-06AB-47A1-B7A0-A48FDCA527A1}.Release|x64.Build.0 = Release|x64
		{BAEC281C-06AB-47A1-B7A0-A48FDCA527A1}.Release|x86.ActiveCfg = Release|Win32
		{BAEC281C-06AB-47A1-B7A0-A48FDCA527A1}.Release|x86.Build.0 = Release|Win32
		{BAEC281C-06AB-47A1-B7A0-A48FDCA527A1}.RelWithDebInfo|x64.ActiveCfg = Release|x64
		{BAEC281C-06AB-47A1-B7A0-A48FDCA527A1}.RelWithDebInfo|x64.Build.0 = Release|x64
		{BAEC281C-06AB-47A1-B7A0-A48FDCA527A1}.RelWithDebInfo|x86.ActiveCfg = Release|Win32
		{BAEC281C-06AB-47A1-B7A0-A48FDCA527A1}.RelWithDebInfo|x86.Build.0 = Release|Win32
		{95A95720-07CD-40D7-BB4A-B26FE865D5BE}.Debug|x64.ActiveCfg = Debug|x64
		{95A95720-07CD-40D7-BB4A-B26FE865D5BE}.Debug|x64.Build.0 = Debug|x64
		{95A95720-07CD-40D7-BB4A-B26FE865D5BE}.Debug|x86.ActiveCfg = Debug|Win32
		{95A95720-07CD-40D7-BB4A-B26FE865D5BE}.Debug|x86.Build.0 = Debug|Win32
		{95A95720-07CD-40D7-BB4A-B26FE865D5BE}.MinSizeRel|x64.ActiveCfg = Release|x64
		{95A95720-07CD-40D7-BB4A-B26FE865D5BE}.MinSizeRel|x64.Build.0 = Release|x64
		{95A95720-07CD-40D7-BB4A-B26FE865D5BE}.MinSizeRel|x86.ActiveCfg = Release|Win32
		{95A95720-07CD-40D7-BB4A-B26FE865D5BE}.MinSizeRel|x86.Build.0 = Release|Win32
		{95A95720-07CD-40D7-BB4A-B26FE865D5BE}.Release|x64.ActiveCfg = Release|x64
		{95A95720-07CD-40D7-BB4A-B26FE865D5BE}.Release|x64.Build.0 = Release|x64
		{95A95720-07CD-40D7-BB4A-B26FE865D5BE}.Release|x86.ActiveCfg = Release|Win32
		{95A95720-07CD-40D7-BB4A-B26FE865D5BE}.Release|x86.Build.0 = Release|Win32
		{95A95720-07CD-40D7-BB4A-B26FE865D5BE}.RelWithDebInfo|x64.ActiveCfg = Release|x64
		{95A95720-07CD-40D7-BB4A-B26FE865D5BE}.RelWithDebInfo|x64.Build.0 = Release|x64
		{95A95720-07CD-40D7-BB4A-B26FE865D5BE}.RelWithDebInfo|x86.ActiveCfg = Release|Win32
		{95A95720-07CD-40D7-BB4A-B26FE865D5BE}.RelWithDebInfo|x86.Build.0 = Release|Win32
		{6FD50AE7-4716-4DCA-9F6D-CE87915FDF4B}.Debug|x64.ActiveCfg = Debug|x64
		{6FD50AE7-4716-4DCA-9F6D-CE87915FDF4B}.Debug|x64.Build.0 = Debug|x64
		{6FD50AE7-4716-4DCA-9F6D-CE87915FDF4B}.Debug|x86.ActiveCfg = Debug|Win32
		{6FD50AE7-4716-4DCA-9F6D-CE87915FDF4B}.Debug|x86.Build.0 = Debug|Win32
		{6FD50AE7-4716-4DCA-9F6D-CE87915FDF4B}.MinSizeRel|x64.ActiveCfg = Release|x64
		{6FD50AE7-4716-4DCA-9F6D-CE87915FDF4B}.MinSizeRel|x64.Build.0 = Release|x64
		{6FD50AE7-4716-4DCA-9F6D-CE87915FDF4B}.MinSizeRel|x86.ActiveCfg = Release|Win32
		{6FD50AE7-4716-4DCA-9F6D-CE87915FDF4B}.MinSizeRel|x86.Build.0 = Release|Win32
		{6FD50AE7-4716-4DCA-9F6D-CE87915FDF4B}.Release|x64.ActiveCfg = Release|x64
		{6FD50AE7-4716-4DCA-9F6D-CE87915FDF4B}.Release|x64.Build.0 = Release|x64
		{6FD50AE7-4716-4DCA-9F6D-CE87915FDF4B}.Release|x86.ActiveCfg = Release|Win32
		{6FD50AE7-4716-4DCA-9F6D-CE87915FDF4B}.Release|x86.Build.0 = Release|Win32
		{6FD50AE7-4716-4DCA-9F6D-CE87915FDF4B}.RelWithDebInfo|x64.ActiveCfg = Release|x64
		{6FD50AE7-4716-4DCA-9F6D-CE87915FDF4B}.RelWithDebInfo|x64.Build.0 = Release|x64
		{6FD50AE7-4716-4DCA-9F6D-CE87915FDF4B}.RelWithDebInfo|x86.ActiveCfg = Release|Win32
		{6FD50AE7-4716-4DCA-9F6D-CE87915FDF4B}.RelWithDebInfo|x86.Build.0 = Release|Win32
		{3EF6A2DD-A05F-452A-BAFB-8F56B325D7F1}.Debug|x64.ActiveCfg = Debug|x64
		{3EF6A2DD-A05F-452A-BAFB-8F56B325D7F1}.Debug|x64.Build.0 = Debug|x64
		{3EF6A2DD-A05F-452A-BAFB-8F56B325D7F1}.Debug|x86.ActiveCfg = Debug|Win32
		{3EF6A2DD-A05F-452A-BAFB-8F56B325D7F1}.Debug|x86.Build.0 = Debug|Win32
		{3EF6A2DD-A05F-452A-BAFB-8F56B325D7F1}.MinSizeRel|x64.ActiveCfg = Release|x64
		{3EF6A2DD-A05F-452A-BAFB-8F56B325D7F1}.MinSizeRel|x64.Build.0 = Release|x64
		{3EF6A2DD-A05F-452A-BAFB-8F56B325D7F1}.MinSizeRel|x86.ActiveCfg = Release|Win32
		{3EF6A2DD-A05F-452A-BAFB-8F56B325D7F1}.MinSizeRel|x86.Build.0 = Release|Win32
		{3EF6A2DD-A05F-452A-BAFB-8F56B325D7F1}.Release|x64.ActiveCfg = Release|x64
		{3EF6A2DD-A05F-452A-BAFB-8F56B325D7F1}.Release|x64.Build.0 = Release|x64
		{3EF6A2DD-A05F-452A-BAFB-8F56B325D7F1}.Release|x86.ActiveCfg = Release|Win32
		{3EF6A2DD-A05F-452A-BAFB-8F56B325D7F1}.Release|x86.Build.0 = Release|Win32
		{3EF6A2DD-A05F-452A-BAFB-8F56B325D7F1}.RelWithDebInfo|x64.ActiveCfg = Release|x64
		{3EF6A2DD-A05F-452A-BAFB-8F56B325D7F1}.RelWithDebInfo|x64.Build.0 = Release|x64
		{3EF6A2DD-A05F-452A-BAFB-8F56B325D7F1}.RelWithDebInfo|x86.ActiveCfg = Release|Win32
		{3EF6A2DD-A05F-452A-BAFB-8F56B325D7F1}.RelWithDebInfo|x86.Build.0 = Release|Win32
	EndGlobalSection
	GlobalSection(SolutionProperties) = preSolution
		HideSolutionNode = FALSE
	EndGlobalSection
	GlobalSection(ExtensibilityGlobals) = postSolution
		SolutionGuid = {A6472AEF-3AE7-4029-8CEC-A7D97BAE69E3}
	EndGlobalSection
EndGlobal
