<?xml version="1.0" encoding="utf-8"?>
<Project ToolsVersion="4.0" xmlns="http://schemas.microsoft.com/developer/msbuild/2003">
  <ItemGroup>
    <Filter Include="Source Files">
      <UniqueIdentifier>{4FC737F1-C7A5-4376-A066-2A32D752A2FF}</UniqueIdentifier>
      <Extensions>cpp;c;cc;cxx;c++;cppm;ixx;def;odl;idl;hpj;bat;asm;asmx</Extensions>
    </Filter>
    <Filter Include="Header Files">
      <UniqueIdentifier>{93995380-89BD-4b04-88EB-625FBE52EBFB}</UniqueIdentifier>
      <Extensions>h;hh;hpp;hxx;h++;hm;inl;inc;ipp;xsd</Extensions>
    </Filter>
    <Filter Include="Resource Files">
      <UniqueIdentifier>{67DA6AB6-F800-4c08-8B7A-83BB121AAD01}</UniqueIdentifier>
      <Extensions>rc;ico;cur;bmp;dlg;rc2;rct;bin;rgs;gif;jpg;jpeg;jpe;resx;tiff;tif;png;wav;mfcribbon-ms</Extensions>
    </Filter>
  </ItemGroup>
  <ItemGroup>
    <ClInclude Include="src\GameClient\TestApplication\TestGameApplication.h">
      <Filter>Header Files</Filter>
    </ClInclude>
    <ClInclude Include="src\GameClient\SayHelloComponent.h">
      <Filter>Header Files</Filter>
    </ClInclude>
    <ClInclude Include="src\GameClient\TestApplication\TestPhysicsApplication.h">
      <Filter>Header Files</Filter>
    </ClInclude>
    <ClInclude Include="src\GameClient\TestApplication\TestGraphicsApplication.h">
      <Filter>Header Files</Filter>
    </ClInclude>
    <ClInclude Include="src\GameClient\TestPhysicsObject.h">
      <Filter>Header Files</Filter>
    </ClInclude>
    <ClInclude Include="src\GameClient\TestApplication\TestFbxGraphicsApplication.h">
      <Filter>Header Files</Filter>
    </ClInclude>
    <ClInclude Include="src\GameClient\TestApplication\TestGameCloneApplication.h">
      <Filter>Header Files</Filter>
    </ClInclude>
    <ClInclude Include="src\GameClient\TestApplication\TestFirstStageGameApplication.h">
      <Filter>Header Files</Filter>
    </ClInclude>
    <ClInclude Include="src\GameClient\TestScenes\MainTestApp.h">
      <Filter>Header Files</Filter>
    </ClInclude>
    <ClInclude Include="src\GameClient\Components\Movement.h">
      <Filter>Header Files</Filter>
    </ClInclude>
    <ClInclude Include="src\GameClient\Components\ObjectControl.h">
      <Filter>Header Files</Filter>
    </ClInclude>
    <ClInclude Include="src\GameClient\Components\InputController.h">
      <Filter>Header Files</Filter>
    </ClInclude>
    <ClInclude Include="src\GameClient\Components\Door.h">
      <Filter>Header Files</Filter>
    </ClInclude>
    <ClInclude Include="src\GameClient\Components\TriggerSwitch.h">
      <Filter>Header Files</Filter>
    </ClInclude>
    <ClInclude Include="src\GameClient\Components\ShiftController.h">
      <Filter>Header Files</Filter>
    </ClInclude>
    <ClInclude Include="src\GameClient\Components\PlayerAttribute.h">
      <Filter>Header Files</Filter>
    </ClInclude>
    <ClInclude Include="src\GameClient\Components\CharacterMovement.h">
      <Filter>Header Files</Filter>
    </ClInclude>
    <ClInclude Include="src\GameClient\Components\CameraController.h">
      <Filter>Header Files</Filter>
    </ClInclude>
    <ClInclude Include="src\GameClient\Components\ObjectAttribute.h">
      <Filter>Header Files</Filter>
    </ClInclude>
    <ClInclude Include="src\GameClient\TestScenes\MoveTestApp.h">
      <Filter>Header Files</Filter>
    </ClInclude>
    <ClInclude Include="src\GameClient\TestScenes\StageTestApp.h">
      <Filter>Header Files</Filter>
    </ClInclude>
    <ClInclude Include="src\GameClient\Components\StateMachine.h">
      <Filter>Header Files</Filter>
    </ClInclude>
    <ClInclude Include="src\GameClient\MainScene\Stage29.h">
      <Filter>Header Files</Filter>
    </ClInclude>
    <ClInclude Include="src\GameClient\MainScene\Stage33.h">
      <Filter>Header Files</Filter>
    </ClInclude>
  </ItemGroup>
  <ItemGroup>
    <ClCompile Include="src\GameClient\TestApplication\TestGameApplication.cpp">
      <Filter>Source Files</Filter>
    </ClCompile>
    <ClCompile Include="src\GameClient\SayHelloComponent.cpp">
      <Filter>Source Files</Filter>
    </ClCompile>
    <ClCompile Include="src\GameClient\TestApplication\TestPhysicsApplication.cpp">
      <Filter>Source Files</Filter>
    </ClCompile>
    <ClCompile Include="src\GameClient\TestApplication\TestGraphicsApplication.cpp">
      <Filter>Source Files</Filter>
    </ClCompile>
    <ClCompile Include="src\GameClient\TestPhysicsObject.cpp">
      <Filter>Source Files</Filter>
    </ClCompile>
    <ClCompile Include="src\GameClient\TestApplication\TestFbxGraphicsApplication.cpp">
      <Filter>Source Files</Filter>
    </ClCompile>
    <ClCompile Include="src\GameClient\Export.cpp">
      <Filter>Source Files</Filter>
    </ClCompile>
    <ClCompile Include="src\GameClient\TestApplication\TestGameCloneApplication.cpp">
      <Filter>Source Files</Filter>
    </ClCompile>
    <ClCompile Include="src\GameClient\TestApplication\TestFirstStageGameApplication.cpp">
      <Filter>Source Files</Filter>
    </ClCompile>
    <ClCompile Include="src\GameClient\TestScenes\MainTestApp.cpp">
      <Filter>Source Files</Filter>
    </ClCompile>
    <ClCompile Include="src\GameClient\Components\Movement.cpp">
      <Filter>Source Files</Filter>
    </ClCompile>
    <ClCompile Include="src\GameClient\Components\ObjectControl.cpp">
      <Filter>Source Files</Filter>
    </ClCompile>
    <ClCompile Include="src\GameClient\Components\InputController.cpp">
      <Filter>Source Files</Filter>
    </ClCompile>
    <ClCompile Include="src\GameClient\Components\Door.cpp">
      <Filter>Source Files</Filter>
    </ClCompile>
    <ClCompile Include="src\GameClient\Components\TriggerSwitch.cpp">
      <Filter>Source Files</Filter>
    </ClCompile>
    <ClCompile Include="src\GameClient\Components\ShiftController.cpp">
      <Filter>Source Files</Filter>
    </ClCompile>
    <ClCompile Include="src\GameClient\Components\PlayerAttribute.cpp">
      <Filter>Source Files</Filter>
    </ClCompile>
    <ClCompile Include="src\GameClient\Components\CharacterMovement.cpp">
      <Filter>Source Files</Filter>
    </ClCompile>
    <ClCompile Include="src\GameClient\Components\CameraController.cpp">
      <Filter>Source Files</Filter>
    </ClCompile>
    <ClCompile Include="src\GameClient\Components\ObjectAttribute.cpp">
      <Filter>Source Files</Filter>
    </ClCompile>
    <ClCompile Include="src\GameClient\TestScenes\MoveTestApp.cpp">
      <Filter>Source Files</Filter>
    </ClCompile>
    <ClCompile Include="src\GameClient\TestScenes\StageTestApp.cpp">
      <Filter>Source Files</Filter>
    </ClCompile>
    <ClCompile Include="src\GameClient\Components\StateMachine.cpp">
      <Filter>Source Files</Filter>
    </ClCompile>
    <ClCompile Include="src\GameClient\MainScene\Stage29.cpp">
      <Filter>Source Files</Filter>
    </ClCompile>
    <ClCompile Include="src\GameClient\MainScene\Stage33.cpp">
      <Filter>Source Files</Filter>
    </ClCompile>
  </ItemGroup>
</Project>